{
  "name": "byte-mall",
  "lockfileVersion": 2,
  "requires": true,
  "packages": {
    "": {
      "dependencies": {
        "@beautywe/plugin-event": "^1.0.1",
        "@beautywe/plugin-status": "^1.0.0",
        "@vant/weapp": "^1.6.8",
        "miniprogram-api-promise": "^1.0.4"
      }
    },
    "node_modules/@beautywe/core": {
      "version": "1.0.2",
      "resolved": "https://registry.npmjs.org/@beautywe/core/-/core-1.0.2.tgz",
      "integrity": "sha512-bCnvUtThXdKtlO/8LNSm1z8/bFJiQX4CbAQIj0b5PHn8A7qpSpezZPMi6hrYjoxf+/uBBO4JkMQ9QRK+Bkmr3A=="
    },
    "node_modules/@beautywe/plugin-event": {
      "version": "1.0.1",
      "resolved": "https://registry.npmjs.org/@beautywe/plugin-event/-/plugin-event-1.0.1.tgz",
      "integrity": "sha512-FsR/r/60IpaEK0TwtGSKpR7bV9wnPJeUVuTC9alGkilFH9lepGGKqxo+QQ97qkX5YSYOfTEKy3ZbE55XU/dv2w=="
    },
    "node_modules/@beautywe/plugin-status": {
      "version": "1.0.0",
      "resolved": "https://registry.npmjs.org/@beautywe/plugin-status/-/plugin-status-1.0.0.tgz",
      "integrity": "sha512-86jKPgBPyQzAj9rIv80nNvnzOiDm3dD6rWV7tYowGLoMYp5y9tqO3mRnvtpd5FQ6GceDACIw5qad1h0VFdRYPw==",
      "dependencies": {
        "@beautywe/core": "^1.0.0"
      }
    },
    "node_modules/@vant/weapp": {
      "version": "1.6.8",
      "resolved": "https://registry.npmjs.org/@vant/weapp/-/weapp-1.6.8.tgz",
      "integrity": "sha512-CvRgAZdGUtJKEnd2wmjw3oaRYXBq/YqerFTmf19cTd3G9+vRR67nSXPMUNQEoPPSm7LZo6gF6Xk/5pYx4Q4C0Q=="
    },
    "node_modules/miniprogram-api-promise": {
      "version": "1.0.4",
      "resolved": "https://registry.npmjs.org/miniprogram-api-promise/-/miniprogram-api-promise-1.0.4.tgz",
      "integrity": "sha512-lS2ukj03Ugy8IJUDmdssklLT4kjzyRtVYwErhyDZkzxtqcxaed2xldRgNrsikigeMUBR9gAs7wgnjSKPlyKIYg=="
    }
  },
  "dependencies": {
    "@beautywe/core": {
      "version": "1.0.2",
      "resolved": "https://registry.npmjs.org/@beautywe/core/-/core-1.0.2.tgz",
      "integrity": "sha512-bCnvUtThXdKtlO/8LNSm1z8/bFJiQX4CbAQIj0b5PHn8A7qpSpezZPMi6hrYjoxf+/uBBO4JkMQ9QRK+Bkmr3A=="
    },
    "@beautywe/plugin-event": {
      "version": "1.0.1",
      "resolved": "https://registry.npmjs.org/@beautywe/plugin-event/-/plugin-event-1.0.1.tgz",
      "integrity": "sha512-FsR/r/60IpaEK0TwtGSKpR7bV9wnPJeUVuTC9alGkilFH9lepGGKqxo+QQ97qkX5YSYOfTEKy3ZbE55XU/dv2w=="
    },
    "@beautywe/plugin-status": {
      "version": "1.0.0",
      "resolved": "https://registry.npmjs.org/@beautywe/plugin-status/-/plugin-status-1.0.0.tgz",
      "integrity": "sha512-86jKPgBPyQzAj9rIv80nNvnzOiDm3dD6rWV7tYowGLoMYp5y9tqO3mRnvtpd5FQ6GceDACIw5qad1h0VFdRYPw==",
      "requires": {
        "@beautywe/core": "^1.0.0"
      }
    },
    "@vant/weapp": {
      "version": "1.6.8",
      "resolved": "https://registry.npmjs.org/@vant/weapp/-/weapp-1.6.8.tgz",
      "integrity": "sha512-CvRgAZdGUtJKEnd2wmjw3oaRYXBq/YqerFTmf19cTd3G9+vRR67nSXPMUNQEoPPSm7LZo6gF6Xk/5pYx4Q4C0Q=="
    },
    "miniprogram-api-promise": {
      "version": "1.0.4",
      "resolved": "https://registry.npmjs.org/miniprogram-api-promise/-/miniprogram-api-promise-1.0.4.tgz",
      "integrity": "sha512-lS2ukj03Ugy8IJUDmdssklLT4kjzyRtVYwErhyDZkzxtqcxaed2xldRgNrsikigeMUBR9gAs7wgnjSKPlyKIYg=="
    }
  }
}
